
Microsoft Visual Studio Solution File, Format Version 12.00
# Visual Studio Version 17
VisualStudioVersion = 17.1.32407.343
MinimumVisualStudioVersion = 10.0.40219.1
Project("{9A19103F-16F7-4668-BE54-9A1E7A4F7556}") = "MaximumOfThree", "MaximumOfThree\MaximumOfThree.csproj", "{36D18C75-A237-46AD-9D0D-99C6E0A7BC2B}"
EndProject
Project("{9A19103F-16F7-4668-BE54-9A1E7A4F7556}") = "MaximumOfThreeTests", "MaximumOfThreeTests\MaximumOfThreeTests.csproj", "{C716B86F-1863-4724-A7BE-9D616D2A3E73}"
EndProject
Project("{FAE04EC0-301F-11D3-BF4B-00C04F79EFBC}") = "UsingFloat", "UsingFloat\UsingFloat.csproj", "{A5555283-9FD6-4655-9ABF-239E32E8A59A}"
EndProject
Global
	GlobalSection(SolutionConfigurationPlatforms) = preSolution
		Debug|Any CPU = Debug|Any CPU
		Release|Any CPU = Release|Any CPU
	EndGlobalSection
	GlobalSection(ProjectConfigurationPlatforms) = postSolution
		{36D18C75-A237-46AD-9D0D-99C6E0A7BC2B}.Debug|Any CPU.ActiveCfg = Debug|Any CPU
		{36D18C75-A237-46AD-9D0D-99C6E0A7BC2B}.Debug|Any CPU.Build.0 = Debug|Any CPU
		{36D18C75-A237-46AD-9D0D-99C6E0A7BC2B}.Release|Any CPU.ActiveCfg = Release|Any CPU
		{36D18C75-A237-46AD-9D0D-99C6E0A7BC2B}.Release|Any CPU.Build.0 = Release|Any CPU
		{C716B86F-1863-4724-A7BE-9D616D2A3E73}.Debug|Any CPU.ActiveCfg = Debug|Any CPU
		{C716B86F-1863-4724-A7BE-9D616D2A3E73}.Debug|Any CPU.Build.0 = Debug|Any CPU
		{C716B86F-1863-4724-A7BE-9D616D2A3E73}.Release|Any CPU.ActiveCfg = Release|Any CPU
		{C716B86F-1863-4724-A7BE-9D616D2A3E73}.Release|Any CPU.Build.0 = Release|Any CPU
		{A5555283-9FD6-4655-9ABF-239E32E8A59A}.Debug|Any CPU.ActiveCfg = Debug|Any CPU
		{A5555283-9FD6-4655-9ABF-239E32E8A59A}.Debug|Any CPU.Build.0 = Debug|Any CPU
		{A5555283-9FD6-4655-9ABF-239E32E8A59A}.Release|Any CPU.ActiveCfg = Release|Any CPU
		{A5555283-9FD6-4655-9ABF-239E32E8A59A}.Release|Any CPU.Build.0 = Release|Any CPU
	EndGlobalSection
	GlobalSection(SolutionProperties) = preSolution
		HideSolutionNode = FALSE
	EndGlobalSection
	GlobalSection(ExtensibilityGlobals) = postSolution
		SolutionGuid = {C6B7C9F8-725C-4A26-A615-10C3348FDCDD}
	EndGlobalSection
EndGlobal
